PODS:
  - Nimble (7.3.4)
  - Quick (1.3.4)
  - SwiftHelpers (0.1.1):
    - SwiftHelpers/iOS (= 0.1.1)
  - SwiftHelpers/iOS (0.1.1)

DEPENDENCIES:
  - Nimble (~> 7.3.1)
  - Quick (~> 1.3.4)
  - SwiftHelpers (from `../`)

SPEC REPOS:
  https://github.com/CocoaPods/Specs.git:
    - Nimble
    - Quick

EXTERNAL SOURCES:
  SwiftHelpers:
    :path: "../"

SPEC CHECKSUMS:
  Nimble: 051e3d8912d40138fa5591c78594f95fb172af37
  Quick: f4f7f063c524394c73ed93ac70983c609805d481
  SwiftHelpers: 17df34ce67b69df4522f9ae01b2728b754e9e203

PODFILE CHECKSUM: a87c9d5c3f15f6ae3958b204e4c2758f9a990284

COCOAPODS: 1.8.4
