PODS:
  - Nimble (7.3.4)
  - Quick (1.3.4)
  - SwiftHelpers (0.1.0)

DEPENDENCIES:
  - Nimble (~> 7.3.1)
  - Quick (~> 1.3.4)
  - SwiftHelpers (from `../`)

SPEC REPOS:
  https://github.com/cocoapods/specs.git:
    - Nimble
    - Quick

EXTERNAL SOURCES:
  SwiftHelpers:
    :path: "../"

SPEC CHECKSUMS:
  Nimble: 051e3d8912d40138fa5591c78594f95fb172af37
  Quick: f4f7f063c524394c73ed93ac70983c609805d481
  SwiftHelpers: c48e9d0ee1c7b98db72a51dbfcde0683dffac682

PODFILE CHECKSUM: f9812b916b2d3b82c839fe0c61c21987ed6398c4

COCOAPODS: 1.6.0
