// !$*UTF8*$!
{
	archiveVersion = 1;
	classes = {
	};
	objectVersion = 46;
	objects = {

/* Begin PBXBuildFile section */
		607FACEC1AFB9204008FA782 /* Tests.swift in Sources */ = {isa = PBXBuildFile; fileRef = 607FACEB1AFB9204008FA782 /* Tests.swift */; };
		72FB183539EE284BCE1F161B /* Pods_SwiftHelpers_Tests.framework in Frameworks */ = {isa = PBXBuildFile; fileRef = 173CCB5F53A5E22C3CBAFF95 /* Pods_SwiftHelpers_Tests.framework */; };
		EC4EC76C222EEF11003A9B08 /* CGColor.swift in Sources */ = {isa = PBXBuildFile; fileRef = EC4EC76B222EEF11003A9B08 /* CGColor.swift */; };
		EC4EC76E222EEF1F003A9B08 /* UIColor.swift in Sources */ = {isa = PBXBuildFile; fileRef = EC4EC76D222EEF1F003A9B08 /* UIColor.swift */; };
		EC4EC770222EEF31003A9B08 /* Collection.swift in Sources */ = {isa = PBXBuildFile; fileRef = EC4EC76F222EEF31003A9B08 /* Collection.swift */; };
		EC4EC772222EEF42003A9B08 /* Date.swift in Sources */ = {isa = PBXBuildFile; fileRef = EC4EC771222EEF42003A9B08 /* Date.swift */; };
		EC4EC774222EEF4F003A9B08 /* Formatter.swift in Sources */ = {isa = PBXBuildFile; fileRef = EC4EC773222EEF4F003A9B08 /* Formatter.swift */; };
		EC4EC776222EEF5D003A9B08 /* NSAttributedString.swift in Sources */ = {isa = PBXBuildFile; fileRef = EC4EC775222EEF5D003A9B08 /* NSAttributedString.swift */; };
		EC4EC778222EEF76003A9B08 /* NSManagedObjectContext.swift in Sources */ = {isa = PBXBuildFile; fileRef = EC4EC777222EEF76003A9B08 /* NSManagedObjectContext.swift */; };
		EC4EC77C222EF1CE003A9B08 /* NSObject.swift in Sources */ = {isa = PBXBuildFile; fileRef = EC4EC77B222EF1CE003A9B08 /* NSObject.swift */; };
		EC4EC77E222EF1F5003A9B08 /* String.swift in Sources */ = {isa = PBXBuildFile; fileRef = EC4EC77D222EF1F5003A9B08 /* String.swift */; };
		EC4EC780222EF203003A9B08 /* UIButton.swift in Sources */ = {isa = PBXBuildFile; fileRef = EC4EC77F222EF203003A9B08 /* UIButton.swift */; };
		EC4EC782222EF217003A9B08 /* UIImage.swift in Sources */ = {isa = PBXBuildFile; fileRef = EC4EC781222EF217003A9B08 /* UIImage.swift */; };
		EC4EC784222EF22E003A9B08 /* UITableView.swift in Sources */ = {isa = PBXBuildFile; fileRef = EC4EC783222EF22E003A9B08 /* UITableView.swift */; };
		EC4EC786222EF23A003A9B08 /* UIView.swift in Sources */ = {isa = PBXBuildFile; fileRef = EC4EC785222EF23A003A9B08 /* UIView.swift */; };
		EC4EC788222EF253003A9B08 /* EventManager.swift in Sources */ = {isa = PBXBuildFile; fileRef = EC4EC787222EF253003A9B08 /* EventManager.swift */; };
		EC4EC78A222EF26B003A9B08 /* FilesStorage.swift in Sources */ = {isa = PBXBuildFile; fileRef = EC4EC789222EF26B003A9B08 /* FilesStorage.swift */; };
		EC4EC78D222EF2B6003A9B08 /* BackgroundCapable.swift in Sources */ = {isa = PBXBuildFile; fileRef = EC4EC78C222EF2B6003A9B08 /* BackgroundCapable.swift */; };
		EC4EC78F222EF2FB003A9B08 /* Localizable.swift in Sources */ = {isa = PBXBuildFile; fileRef = EC4EC78E222EF2FB003A9B08 /* Localizable.swift */; };
		EC4EC791222EF32E003A9B08 /* ObjectAssociation.swift in Sources */ = {isa = PBXBuildFile; fileRef = EC4EC790222EF32E003A9B08 /* ObjectAssociation.swift */; };
		EC4EC793222EF358003A9B08 /* XibView.swift in Sources */ = {isa = PBXBuildFile; fileRef = EC4EC792222EF358003A9B08 /* XibView.swift */; };
		EC4EC796222EF37C003A9B08 /* LabelsCapableView.swift in Sources */ = {isa = PBXBuildFile; fileRef = EC4EC795222EF37C003A9B08 /* LabelsCapableView.swift */; };
		EC4EC798222EF3A2003A9B08 /* KeyboardViewController.swift in Sources */ = {isa = PBXBuildFile; fileRef = EC4EC797222EF3A2003A9B08 /* KeyboardViewController.swift */; };
		EC4EC79A222EF571003A9B08 /* CommonHelpers.swift in Sources */ = {isa = PBXBuildFile; fileRef = EC4EC799222EF571003A9B08 /* CommonHelpers.swift */; };
		EC4EC79C222EFA41003A9B08 /* UIViewController.swift in Sources */ = {isa = PBXBuildFile; fileRef = EC4EC79B222EFA41003A9B08 /* UIViewController.swift */; };
		EC4EC7A7222F1813003A9B08 /* UITextField.swift in Sources */ = {isa = PBXBuildFile; fileRef = EC4EC7A6222F1813003A9B08 /* UITextField.swift */; };
		EC631A30223A7E2C00425A8C /* Int.swift in Sources */ = {isa = PBXBuildFile; fileRef = EC631A2F223A7E2C00425A8C /* Int.swift */; };
		EC769FAC2235B4CD00F4A526 /* CollectionPosition.swift in Sources */ = {isa = PBXBuildFile; fileRef = EC769FAB2235B4CD00F4A526 /* CollectionPosition.swift */; };
		EC87CEAC2239110C006B9610 /* KeychainAccess.swift in Sources */ = {isa = PBXBuildFile; fileRef = EC87CEAB2239110C006B9610 /* KeychainAccess.swift */; };
		EC9D65B72236EA6000A66D8A /* PropertyReflectable.swift in Sources */ = {isa = PBXBuildFile; fileRef = EC9D65B62236EA6000A66D8A /* PropertyReflectable.swift */; };
		ECB9A5AB2241A3640060168B /* JSONDecoder.swift in Sources */ = {isa = PBXBuildFile; fileRef = ECB9A5AA2241A3640060168B /* JSONDecoder.swift */; };
		ECB9A5AD2241A3760060168B /* JSONEncoder.swift in Sources */ = {isa = PBXBuildFile; fileRef = ECB9A5AC2241A3760060168B /* JSONEncoder.swift */; };
		ECC534F72237FAED0056908A /* UICollectionView.swift in Sources */ = {isa = PBXBuildFile; fileRef = ECC534F62237FAED0056908A /* UICollectionView.swift */; };
		ECC53500223853B20056908A /* Encodable.swift in Sources */ = {isa = PBXBuildFile; fileRef = ECC534FF223853B20056908A /* Encodable.swift */; };
		ECC548572230088F0012E0EE /* BaseCollection.swift in Sources */ = {isa = PBXBuildFile; fileRef = ECC548562230088F0012E0EE /* BaseCollection.swift */; };
		ECC54859223008FC0012E0EE /* BaseDataCollection.swift in Sources */ = {isa = PBXBuildFile; fileRef = ECC54858223008FC0012E0EE /* BaseDataCollection.swift */; };
		ECC5485B22300A170012E0EE /* AppError.swift in Sources */ = {isa = PBXBuildFile; fileRef = ECC5485A22300A170012E0EE /* AppError.swift */; };
/* End PBXBuildFile section */

/* Begin PBXFileReference section */
		173CCB5F53A5E22C3CBAFF95 /* Pods_SwiftHelpers_Tests.framework */ = {isa = PBXFileReference; explicitFileType = wrapper.framework; includeInIndex = 0; path = Pods_SwiftHelpers_Tests.framework; sourceTree = BUILT_PRODUCTS_DIR; };
		30F964D3F0F17F2AA175E83A /* LICENSE */ = {isa = PBXFileReference; includeInIndex = 1; lastKnownFileType = text; name = LICENSE; path = ../LICENSE; sourceTree = "<group>"; };
		5ABB66DE09A90147C8A9D68D /* Pods-SwiftHelpers_Tests.debug.xcconfig */ = {isa = PBXFileReference; includeInIndex = 1; lastKnownFileType = text.xcconfig; name = "Pods-SwiftHelpers_Tests.debug.xcconfig"; path = "Target Support Files/Pods-SwiftHelpers_Tests/Pods-SwiftHelpers_Tests.debug.xcconfig"; sourceTree = "<group>"; };
		5E85F9A90E5D8C0E31CDBDEE /* Pods-SwiftHelpers_Tests.release.xcconfig */ = {isa = PBXFileReference; includeInIndex = 1; lastKnownFileType = text.xcconfig; name = "Pods-SwiftHelpers_Tests.release.xcconfig"; path = "Target Support Files/Pods-SwiftHelpers_Tests/Pods-SwiftHelpers_Tests.release.xcconfig"; sourceTree = "<group>"; };
		607FACE51AFB9204008FA782 /* SwiftHelpers_Tests.xctest */ = {isa = PBXFileReference; explicitFileType = wrapper.cfbundle; includeInIndex = 0; path = SwiftHelpers_Tests.xctest; sourceTree = BUILT_PRODUCTS_DIR; };
		607FACEA1AFB9204008FA782 /* Info.plist */ = {isa = PBXFileReference; lastKnownFileType = text.plist.xml; path = Info.plist; sourceTree = "<group>"; };
		607FACEB1AFB9204008FA782 /* Tests.swift */ = {isa = PBXFileReference; lastKnownFileType = sourcecode.swift; path = Tests.swift; sourceTree = "<group>"; };
		6771D14F9F5D12D3D9930B5A /* README.md */ = {isa = PBXFileReference; includeInIndex = 1; lastKnownFileType = net.daringfireball.markdown; name = README.md; path = ../README.md; sourceTree = "<group>"; };
		6CF499F1FE7A950FC4C730D9 /* SwiftHelpers.podspec */ = {isa = PBXFileReference; includeInIndex = 1; lastKnownFileType = text; name = SwiftHelpers.podspec; path = ../SwiftHelpers.podspec; sourceTree = "<group>"; xcLanguageSpecificationIdentifier = xcode.lang.ruby; };
		EC4EC76B222EEF11003A9B08 /* CGColor.swift */ = {isa = PBXFileReference; lastKnownFileType = sourcecode.swift; path = CGColor.swift; sourceTree = "<group>"; };
		EC4EC76D222EEF1F003A9B08 /* UIColor.swift */ = {isa = PBXFileReference; lastKnownFileType = sourcecode.swift; path = UIColor.swift; sourceTree = "<group>"; };
		EC4EC76F222EEF31003A9B08 /* Collection.swift */ = {isa = PBXFileReference; lastKnownFileType = sourcecode.swift; path = Collection.swift; sourceTree = "<group>"; };
		EC4EC771222EEF42003A9B08 /* Date.swift */ = {isa = PBXFileReference; lastKnownFileType = sourcecode.swift; path = Date.swift; sourceTree = "<group>"; };
		EC4EC773222EEF4F003A9B08 /* Formatter.swift */ = {isa = PBXFileReference; lastKnownFileType = sourcecode.swift; path = Formatter.swift; sourceTree = "<group>"; };
		EC4EC775222EEF5D003A9B08 /* NSAttributedString.swift */ = {isa = PBXFileReference; lastKnownFileType = sourcecode.swift; path = NSAttributedString.swift; sourceTree = "<group>"; };
		EC4EC777222EEF76003A9B08 /* NSManagedObjectContext.swift */ = {isa = PBXFileReference; lastKnownFileType = sourcecode.swift; path = NSManagedObjectContext.swift; sourceTree = "<group>"; };
		EC4EC77B222EF1CE003A9B08 /* NSObject.swift */ = {isa = PBXFileReference; lastKnownFileType = sourcecode.swift; path = NSObject.swift; sourceTree = "<group>"; };
		EC4EC77D222EF1F5003A9B08 /* String.swift */ = {isa = PBXFileReference; lastKnownFileType = sourcecode.swift; path = String.swift; sourceTree = "<group>"; };
		EC4EC77F222EF203003A9B08 /* UIButton.swift */ = {isa = PBXFileReference; lastKnownFileType = sourcecode.swift; path = UIButton.swift; sourceTree = "<group>"; };
		EC4EC781222EF217003A9B08 /* UIImage.swift */ = {isa = PBXFileReference; lastKnownFileType = sourcecode.swift; path = UIImage.swift; sourceTree = "<group>"; };
		EC4EC783222EF22E003A9B08 /* UITableView.swift */ = {isa = PBXFileReference; lastKnownFileType = sourcecode.swift; path = UITableView.swift; sourceTree = "<group>"; };
		EC4EC785222EF23A003A9B08 /* UIView.swift */ = {isa = PBXFileReference; lastKnownFileType = sourcecode.swift; path = UIView.swift; sourceTree = "<group>"; };
		EC4EC787222EF253003A9B08 /* EventManager.swift */ = {isa = PBXFileReference; lastKnownFileType = sourcecode.swift; path = EventManager.swift; sourceTree = "<group>"; };
		EC4EC789222EF26B003A9B08 /* FilesStorage.swift */ = {isa = PBXFileReference; lastKnownFileType = sourcecode.swift; path = FilesStorage.swift; sourceTree = "<group>"; };
		EC4EC78C222EF2B6003A9B08 /* BackgroundCapable.swift */ = {isa = PBXFileReference; lastKnownFileType = sourcecode.swift; path = BackgroundCapable.swift; sourceTree = "<group>"; };
		EC4EC78E222EF2FB003A9B08 /* Localizable.swift */ = {isa = PBXFileReference; lastKnownFileType = sourcecode.swift; path = Localizable.swift; sourceTree = "<group>"; };
		EC4EC790222EF32E003A9B08 /* ObjectAssociation.swift */ = {isa = PBXFileReference; lastKnownFileType = sourcecode.swift; path = ObjectAssociation.swift; sourceTree = "<group>"; };
		EC4EC792222EF358003A9B08 /* XibView.swift */ = {isa = PBXFileReference; lastKnownFileType = sourcecode.swift; path = XibView.swift; sourceTree = "<group>"; };
		EC4EC795222EF37C003A9B08 /* LabelsCapableView.swift */ = {isa = PBXFileReference; lastKnownFileType = sourcecode.swift; path = LabelsCapableView.swift; sourceTree = "<group>"; };
		EC4EC797222EF3A2003A9B08 /* KeyboardViewController.swift */ = {isa = PBXFileReference; lastKnownFileType = sourcecode.swift; path = KeyboardViewController.swift; sourceTree = "<group>"; };
		EC4EC799222EF571003A9B08 /* CommonHelpers.swift */ = {isa = PBXFileReference; lastKnownFileType = sourcecode.swift; path = CommonHelpers.swift; sourceTree = "<group>"; };
		EC4EC79B222EFA41003A9B08 /* UIViewController.swift */ = {isa = PBXFileReference; lastKnownFileType = sourcecode.swift; path = UIViewController.swift; sourceTree = "<group>"; };
		EC4EC7A6222F1813003A9B08 /* UITextField.swift */ = {isa = PBXFileReference; lastKnownFileType = sourcecode.swift; path = UITextField.swift; sourceTree = "<group>"; };
		EC631A2F223A7E2C00425A8C /* Int.swift */ = {isa = PBXFileReference; lastKnownFileType = sourcecode.swift; path = Int.swift; sourceTree = "<group>"; };
		EC769FAB2235B4CD00F4A526 /* CollectionPosition.swift */ = {isa = PBXFileReference; lastKnownFileType = sourcecode.swift; path = CollectionPosition.swift; sourceTree = "<group>"; };
		EC87CEAB2239110C006B9610 /* KeychainAccess.swift */ = {isa = PBXFileReference; lastKnownFileType = sourcecode.swift; path = KeychainAccess.swift; sourceTree = "<group>"; };
		EC9D65B62236EA6000A66D8A /* PropertyReflectable.swift */ = {isa = PBXFileReference; lastKnownFileType = sourcecode.swift; path = PropertyReflectable.swift; sourceTree = "<group>"; };
		ECB9A5AA2241A3640060168B /* JSONDecoder.swift */ = {isa = PBXFileReference; lastKnownFileType = sourcecode.swift; path = JSONDecoder.swift; sourceTree = "<group>"; };
		ECB9A5AC2241A3760060168B /* JSONEncoder.swift */ = {isa = PBXFileReference; lastKnownFileType = sourcecode.swift; path = JSONEncoder.swift; sourceTree = "<group>"; };
		ECC534F62237FAED0056908A /* UICollectionView.swift */ = {isa = PBXFileReference; lastKnownFileType = sourcecode.swift; path = UICollectionView.swift; sourceTree = "<group>"; };
		ECC534FF223853B20056908A /* Encodable.swift */ = {isa = PBXFileReference; lastKnownFileType = sourcecode.swift; path = Encodable.swift; sourceTree = "<group>"; };
		ECC548562230088F0012E0EE /* BaseCollection.swift */ = {isa = PBXFileReference; lastKnownFileType = sourcecode.swift; path = BaseCollection.swift; sourceTree = "<group>"; };
		ECC54858223008FC0012E0EE /* BaseDataCollection.swift */ = {isa = PBXFileReference; lastKnownFileType = sourcecode.swift; path = BaseDataCollection.swift; sourceTree = "<group>"; };
		ECC5485A22300A170012E0EE /* AppError.swift */ = {isa = PBXFileReference; lastKnownFileType = sourcecode.swift; path = AppError.swift; sourceTree = "<group>"; };
/* End PBXFileReference section */

/* Begin PBXFrameworksBuildPhase section */
		607FACE21AFB9204008FA782 /* Frameworks */ = {
			isa = PBXFrameworksBuildPhase;
			buildActionMask = 2147483647;
			files = (
				72FB183539EE284BCE1F161B /* Pods_SwiftHelpers_Tests.framework in Frameworks */,
			);
			runOnlyForDeploymentPostprocessing = 0;
		};
/* End PBXFrameworksBuildPhase section */

/* Begin PBXGroup section */
		607FACC71AFB9204008FA782 = {
			isa = PBXGroup;
			children = (
				EC4EC764222EEE42003A9B08 /* Source */,
				607FACF51AFB993E008FA782 /* Podspec Metadata */,
				607FACE81AFB9204008FA782 /* Tests */,
				607FACD11AFB9204008FA782 /* Products */,
				8A8AB949D24E3D9BD31A71F5 /* Pods */,
				8AC4F54BA39C4AF0DEF1FE64 /* Frameworks */,
			);
			sourceTree = "<group>";
		};
		607FACD11AFB9204008FA782 /* Products */ = {
			isa = PBXGroup;
			children = (
				607FACE51AFB9204008FA782 /* SwiftHelpers_Tests.xctest */,
			);
			name = Products;
			sourceTree = "<group>";
		};
		607FACE81AFB9204008FA782 /* Tests */ = {
			isa = PBXGroup;
			children = (
				607FACEB1AFB9204008FA782 /* Tests.swift */,
				607FACE91AFB9204008FA782 /* Supporting Files */,
			);
			path = Tests;
			sourceTree = "<group>";
		};
		607FACE91AFB9204008FA782 /* Supporting Files */ = {
			isa = PBXGroup;
			children = (
				607FACEA1AFB9204008FA782 /* Info.plist */,
			);
			name = "Supporting Files";
			sourceTree = "<group>";
		};
		607FACF51AFB993E008FA782 /* Podspec Metadata */ = {
			isa = PBXGroup;
			children = (
				6CF499F1FE7A950FC4C730D9 /* SwiftHelpers.podspec */,
				6771D14F9F5D12D3D9930B5A /* README.md */,
				30F964D3F0F17F2AA175E83A /* LICENSE */,
			);
			name = "Podspec Metadata";
			sourceTree = "<group>";
		};
		8A8AB949D24E3D9BD31A71F5 /* Pods */ = {
			isa = PBXGroup;
			children = (
				5ABB66DE09A90147C8A9D68D /* Pods-SwiftHelpers_Tests.debug.xcconfig */,
				5E85F9A90E5D8C0E31CDBDEE /* Pods-SwiftHelpers_Tests.release.xcconfig */,
			);
			path = Pods;
			sourceTree = "<group>";
		};
		8AC4F54BA39C4AF0DEF1FE64 /* Frameworks */ = {
			isa = PBXGroup;
			children = (
				173CCB5F53A5E22C3CBAFF95 /* Pods_SwiftHelpers_Tests.framework */,
			);
			name = Frameworks;
			sourceTree = "<group>";
		};
		EC4EC764222EEE42003A9B08 /* Source */ = {
			isa = PBXGroup;
			children = (
				EC4EC78B222EF2AE003A9B08 /* Protocols */,
				EC4EC76A222EEEF9003A9B08 /* Extensions */,
				EC4EC767222EEE9C003A9B08 /* Components */,
			);
			name = Source;
			path = ../SwiftHelpers;
			sourceTree = "<group>";
		};
		EC4EC767222EEE9C003A9B08 /* Components */ = {
			isa = PBXGroup;
			children = (
				ECC534EC2237E4220056908A /* BaseCollection */,
				EC4EC794222EF35F003A9B08 /* lib */,
				EC4EC792222EF358003A9B08 /* XibView.swift */,
				EC4EC797222EF3A2003A9B08 /* KeyboardViewController.swift */,
				ECC5485A22300A170012E0EE /* AppError.swift */,
			);
			path = Components;
			sourceTree = "<group>";
		};
		EC4EC76A222EEEF9003A9B08 /* Extensions */ = {
			isa = PBXGroup;
			children = (
				EC4EC76B222EEF11003A9B08 /* CGColor.swift */,
				EC4EC76D222EEF1F003A9B08 /* UIColor.swift */,
				EC4EC76F222EEF31003A9B08 /* Collection.swift */,
				EC4EC771222EEF42003A9B08 /* Date.swift */,
				EC4EC773222EEF4F003A9B08 /* Formatter.swift */,
				EC4EC775222EEF5D003A9B08 /* NSAttributedString.swift */,
				EC4EC777222EEF76003A9B08 /* NSManagedObjectContext.swift */,
				EC4EC77B222EF1CE003A9B08 /* NSObject.swift */,
				EC4EC77D222EF1F5003A9B08 /* String.swift */,
				EC4EC77F222EF203003A9B08 /* UIButton.swift */,
				EC4EC781222EF217003A9B08 /* UIImage.swift */,
				EC4EC783222EF22E003A9B08 /* UITableView.swift */,
				EC4EC785222EF23A003A9B08 /* UIView.swift */,
				EC4EC79B222EFA41003A9B08 /* UIViewController.swift */,
				EC4EC7A6222F1813003A9B08 /* UITextField.swift */,
				ECC534F62237FAED0056908A /* UICollectionView.swift */,
				ECC534FF223853B20056908A /* Encodable.swift */,
				EC631A2F223A7E2C00425A8C /* Int.swift */,
				ECB9A5AA2241A3640060168B /* JSONDecoder.swift */,
				ECB9A5AC2241A3760060168B /* JSONEncoder.swift */,
			);
			path = Extensions;
			sourceTree = "<group>";
		};
		EC4EC78B222EF2AE003A9B08 /* Protocols */ = {
			isa = PBXGroup;
			children = (
				EC4EC78C222EF2B6003A9B08 /* BackgroundCapable.swift */,
				EC4EC78E222EF2FB003A9B08 /* Localizable.swift */,
				EC4EC790222EF32E003A9B08 /* ObjectAssociation.swift */,
				EC4EC795222EF37C003A9B08 /* LabelsCapableView.swift */,
				EC9D65B62236EA6000A66D8A /* PropertyReflectable.swift */,
			);
			path = Protocols;
			sourceTree = "<group>";
		};
		EC4EC794222EF35F003A9B08 /* lib */ = {
			isa = PBXGroup;
			children = (
				EC4EC787222EF253003A9B08 /* EventManager.swift */,
				EC4EC789222EF26B003A9B08 /* FilesStorage.swift */,
				EC4EC799222EF571003A9B08 /* CommonHelpers.swift */,
				EC769FAB2235B4CD00F4A526 /* CollectionPosition.swift */,
				EC87CEAB2239110C006B9610 /* KeychainAccess.swift */,
			);
			path = lib;
			sourceTree = "<group>";
		};
		ECC534EC2237E4220056908A /* BaseCollection */ = {
			isa = PBXGroup;
			children = (
				ECC548562230088F0012E0EE /* BaseCollection.swift */,
				ECC54858223008FC0012E0EE /* BaseDataCollection.swift */,
			);
			path = BaseCollection;
			sourceTree = "<group>";
		};
/* End PBXGroup section */

/* Begin PBXNativeTarget section */
		607FACE41AFB9204008FA782 /* SwiftHelpers_Tests */ = {
			isa = PBXNativeTarget;
			buildConfigurationList = 607FACF21AFB9204008FA782 /* Build configuration list for PBXNativeTarget "SwiftHelpers_Tests" */;
			buildPhases = (
				4B80C5152A254CC52B6B0874 /* [CP] Check Pods Manifest.lock */,
				607FACE11AFB9204008FA782 /* Sources */,
				607FACE21AFB9204008FA782 /* Frameworks */,
				607FACE31AFB9204008FA782 /* Resources */,
				B5844D4BAB635772E0093D2B /* [CP] Embed Pods Frameworks */,
			);
			buildRules = (
			);
			dependencies = (
			);
			name = SwiftHelpers_Tests;
			productName = Tests;
			productReference = 607FACE51AFB9204008FA782 /* SwiftHelpers_Tests.xctest */;
			productType = "com.apple.product-type.bundle.unit-test";
		};
/* End PBXNativeTarget section */

/* Begin PBXProject section */
		607FACC81AFB9204008FA782 /* Project object */ = {
			isa = PBXProject;
			attributes = {
				LastSwiftUpdateCheck = 0830;
				LastUpgradeCheck = 0830;
				ORGANIZATIONNAME = CocoaPods;
				TargetAttributes = {
					607FACE41AFB9204008FA782 = {
						CreatedOnToolsVersion = 6.3.1;
						DevelopmentTeam = P45988LAY3;
						LastSwiftMigration = 0900;
					};
				};
			};
			buildConfigurationList = 607FACCB1AFB9204008FA782 /* Build configuration list for PBXProject "SwiftHelpers" */;
			compatibilityVersion = "Xcode 3.2";
			developmentRegion = English;
			hasScannedForEncodings = 0;
			knownRegions = (
				en,
				Base,
			);
			mainGroup = 607FACC71AFB9204008FA782;
			productRefGroup = 607FACD11AFB9204008FA782 /* Products */;
			projectDirPath = "";
			projectRoot = "";
			targets = (
				607FACE41AFB9204008FA782 /* SwiftHelpers_Tests */,
			);
		};
/* End PBXProject section */

/* Begin PBXResourcesBuildPhase section */
		607FACE31AFB9204008FA782 /* Resources */ = {
			isa = PBXResourcesBuildPhase;
			buildActionMask = 2147483647;
			files = (
			);
			runOnlyForDeploymentPostprocessing = 0;
		};
/* End PBXResourcesBuildPhase section */

/* Begin PBXShellScriptBuildPhase section */
		4B80C5152A254CC52B6B0874 /* [CP] Check Pods Manifest.lock */ = {
			isa = PBXShellScriptBuildPhase;
			buildActionMask = 2147483647;
			files = (
			);
			inputFileListPaths = (
			);
			inputPaths = (
				"${PODS_PODFILE_DIR_PATH}/Podfile.lock",
				"${PODS_ROOT}/Manifest.lock",
			);
			name = "[CP] Check Pods Manifest.lock";
			outputFileListPaths = (
			);
			outputPaths = (
				"$(DERIVED_FILE_DIR)/Pods-SwiftHelpers_Tests-checkManifestLockResult.txt",
			);
			runOnlyForDeploymentPostprocessing = 0;
			shellPath = /bin/sh;
			shellScript = "diff \"${PODS_PODFILE_DIR_PATH}/Podfile.lock\" \"${PODS_ROOT}/Manifest.lock\" > /dev/null\nif [ $? != 0 ] ; then\n    # print error to STDERR\n    echo \"error: The sandbox is not in sync with the Podfile.lock. Run 'pod install' or update your CocoaPods installation.\" >&2\n    exit 1\nfi\n# This output is used by Xcode 'outputs' to avoid re-running this script phase.\necho \"SUCCESS\" > \"${SCRIPT_OUTPUT_FILE_0}\"\n";
			showEnvVarsInLog = 0;
		};
		B5844D4BAB635772E0093D2B /* [CP] Embed Pods Frameworks */ = {
			isa = PBXShellScriptBuildPhase;
			buildActionMask = 2147483647;
			files = (
			);
			inputFileListPaths = (
			);
			inputPaths = (
				"${PODS_ROOT}/Target Support Files/Pods-SwiftHelpers_Tests/Pods-SwiftHelpers_Tests-frameworks.sh",
				"${BUILT_PRODUCTS_DIR}/Alamofire/Alamofire.framework",
				"${BUILT_PRODUCTS_DIR}/AlamofireImage/AlamofireImage.framework",
				"${BUILT_PRODUCTS_DIR}/Nimble/Nimble.framework",
				"${BUILT_PRODUCTS_DIR}/Quick/Quick.framework",
				"${BUILT_PRODUCTS_DIR}/SwiftHelpers/SwiftHelpers.framework",
				"${BUILT_PRODUCTS_DIR}/SwiftyJSON/SwiftyJSON.framework",
			);
			name = "[CP] Embed Pods Frameworks";
			outputFileListPaths = (
			);
			outputPaths = (
				"${TARGET_BUILD_DIR}/${FRAMEWORKS_FOLDER_PATH}/Alamofire.framework",
				"${TARGET_BUILD_DIR}/${FRAMEWORKS_FOLDER_PATH}/AlamofireImage.framework",
				"${TARGET_BUILD_DIR}/${FRAMEWORKS_FOLDER_PATH}/Nimble.framework",
				"${TARGET_BUILD_DIR}/${FRAMEWORKS_FOLDER_PATH}/Quick.framework",
				"${TARGET_BUILD_DIR}/${FRAMEWORKS_FOLDER_PATH}/SwiftHelpers.framework",
				"${TARGET_BUILD_DIR}/${FRAMEWORKS_FOLDER_PATH}/SwiftyJSON.framework",
			);
			runOnlyForDeploymentPostprocessing = 0;
			shellPath = /bin/sh;
			shellScript = "\"${PODS_ROOT}/Target Support Files/Pods-SwiftHelpers_Tests/Pods-SwiftHelpers_Tests-frameworks.sh\"\n";
			showEnvVarsInLog = 0;
		};
/* End PBXShellScriptBuildPhase section */

/* Begin PBXSourcesBuildPhase section */
		607FACE11AFB9204008FA782 /* Sources */ = {
			isa = PBXSourcesBuildPhase;
			buildActionMask = 2147483647;
			files = (
				EC4EC76C222EEF11003A9B08 /* CGColor.swift in Sources */,
				EC4EC793222EF358003A9B08 /* XibView.swift in Sources */,
				EC4EC77E222EF1F5003A9B08 /* String.swift in Sources */,
				ECC548572230088F0012E0EE /* BaseCollection.swift in Sources */,
				EC4EC791222EF32E003A9B08 /* ObjectAssociation.swift in Sources */,
				EC4EC79C222EFA41003A9B08 /* UIViewController.swift in Sources */,
				EC4EC7A7222F1813003A9B08 /* UITextField.swift in Sources */,
				EC4EC772222EEF42003A9B08 /* Date.swift in Sources */,
				EC4EC796222EF37C003A9B08 /* LabelsCapableView.swift in Sources */,
				EC4EC770222EEF31003A9B08 /* Collection.swift in Sources */,
				ECB9A5AB2241A3640060168B /* JSONDecoder.swift in Sources */,
				EC4EC776222EEF5D003A9B08 /* NSAttributedString.swift in Sources */,
				EC4EC774222EEF4F003A9B08 /* Formatter.swift in Sources */,
				ECC54859223008FC0012E0EE /* BaseDataCollection.swift in Sources */,
				EC4EC78D222EF2B6003A9B08 /* BackgroundCapable.swift in Sources */,
				EC4EC76E222EEF1F003A9B08 /* UIColor.swift in Sources */,
				607FACEC1AFB9204008FA782 /* Tests.swift in Sources */,
				EC4EC77C222EF1CE003A9B08 /* NSObject.swift in Sources */,
				EC9D65B72236EA6000A66D8A /* PropertyReflectable.swift in Sources */,
				EC4EC798222EF3A2003A9B08 /* KeyboardViewController.swift in Sources */,
				EC769FAC2235B4CD00F4A526 /* CollectionPosition.swift in Sources */,
				EC87CEAC2239110C006B9610 /* KeychainAccess.swift in Sources */,
				EC4EC778222EEF76003A9B08 /* NSManagedObjectContext.swift in Sources */,
				EC4EC78A222EF26B003A9B08 /* FilesStorage.swift in Sources */,
				EC4EC788222EF253003A9B08 /* EventManager.swift in Sources */,
				EC631A30223A7E2C00425A8C /* Int.swift in Sources */,
				ECC53500223853B20056908A /* Encodable.swift in Sources */,
				EC4EC78F222EF2FB003A9B08 /* Localizable.swift in Sources */,
				EC4EC79A222EF571003A9B08 /* CommonHelpers.swift in Sources */,
				EC4EC786222EF23A003A9B08 /* UIView.swift in Sources */,
				ECC534F72237FAED0056908A /* UICollectionView.swift in Sources */,
				EC4EC782222EF217003A9B08 /* UIImage.swift in Sources */,
				EC4EC780222EF203003A9B08 /* UIButton.swift in Sources */,
				ECB9A5AD2241A3760060168B /* JSONEncoder.swift in Sources */,
				ECC5485B22300A170012E0EE /* AppError.swift in Sources */,
				EC4EC784222EF22E003A9B08 /* UITableView.swift in Sources */,
			);
			runOnlyForDeploymentPostprocessing = 0;
		};
/* End PBXSourcesBuildPhase section */

/* Begin XCBuildConfiguration section */
		607FACED1AFB9204008FA782 /* Debug */ = {
			isa = XCBuildConfiguration;
			buildSettings = {
				ALWAYS_SEARCH_USER_PATHS = NO;
				CLANG_CXX_LANGUAGE_STANDARD = "gnu++0x";
				CLANG_CXX_LIBRARY = "libc++";
				CLANG_ENABLE_MODULES = YES;
				CLANG_ENABLE_OBJC_ARC = YES;
				CLANG_WARN_BLOCK_CAPTURE_AUTORELEASING = YES;
				CLANG_WARN_BOOL_CONVERSION = YES;
				CLANG_WARN_COMMA = YES;
				CLANG_WARN_CONSTANT_CONVERSION = YES;
				CLANG_WARN_DIRECT_OBJC_ISA_USAGE = YES_ERROR;
				CLANG_WARN_EMPTY_BODY = YES;
				CLANG_WARN_ENUM_CONVERSION = YES;
				CLANG_WARN_INFINITE_RECURSION = YES;
				CLANG_WARN_INT_CONVERSION = YES;
				CLANG_WARN_NON_LITERAL_NULL_CONVERSION = YES;
				CLANG_WARN_OBJC_LITERAL_CONVERSION = YES;
				CLANG_WARN_OBJC_ROOT_CLASS = YES_ERROR;
				CLANG_WARN_RANGE_LOOP_ANALYSIS = YES;
				CLANG_WARN_STRICT_PROTOTYPES = YES;
				CLANG_WARN_SUSPICIOUS_MOVE = YES;
				CLANG_WARN_UNREACHABLE_CODE = YES;
				CLANG_WARN__DUPLICATE_METHOD_MATCH = YES;
				"CODE_SIGN_IDENTITY[sdk=iphoneos*]" = "iPhone Developer";
				COPY_PHASE_STRIP = NO;
				DEBUG_INFORMATION_FORMAT = "dwarf-with-dsym";
				ENABLE_STRICT_OBJC_MSGSEND = YES;
				ENABLE_TESTABILITY = YES;
				GCC_C_LANGUAGE_STANDARD = gnu99;
				GCC_DYNAMIC_NO_PIC = NO;
				GCC_NO_COMMON_BLOCKS = YES;
				GCC_OPTIMIZATION_LEVEL = 0;
				GCC_PREPROCESSOR_DEFINITIONS = (
					"DEBUG=1",
					"$(inherited)",
				);
				GCC_SYMBOLS_PRIVATE_EXTERN = NO;
				GCC_WARN_64_TO_32_BIT_CONVERSION = YES;
				GCC_WARN_ABOUT_RETURN_TYPE = YES_ERROR;
				GCC_WARN_UNDECLARED_SELECTOR = YES;
				GCC_WARN_UNINITIALIZED_AUTOS = YES_AGGRESSIVE;
				GCC_WARN_UNUSED_FUNCTION = YES;
				GCC_WARN_UNUSED_VARIABLE = YES;
				IPHONEOS_DEPLOYMENT_TARGET = 10.0;
				MTL_ENABLE_DEBUG_INFO = YES;
				ONLY_ACTIVE_ARCH = YES;
				SDKROOT = iphoneos;
				SWIFT_OPTIMIZATION_LEVEL = "-Onone";
			};
			name = Debug;
		};
		607FACEE1AFB9204008FA782 /* Release */ = {
			isa = XCBuildConfiguration;
			buildSettings = {
				ALWAYS_SEARCH_USER_PATHS = NO;
				CLANG_CXX_LANGUAGE_STANDARD = "gnu++0x";
				CLANG_CXX_LIBRARY = "libc++";
				CLANG_ENABLE_MODULES = YES;
				CLANG_ENABLE_OBJC_ARC = YES;
				CLANG_WARN_BLOCK_CAPTURE_AUTORELEASING = YES;
				CLANG_WARN_BOOL_CONVERSION = YES;
				CLANG_WARN_COMMA = YES;
				CLANG_WARN_CONSTANT_CONVERSION = YES;
				CLANG_WARN_DIRECT_OBJC_ISA_USAGE = YES_ERROR;
				CLANG_WARN_EMPTY_BODY = YES;
				CLANG_WARN_ENUM_CONVERSION = YES;
				CLANG_WARN_INFINITE_RECURSION = YES;
				CLANG_WARN_INT_CONVERSION = YES;
				CLANG_WARN_NON_LITERAL_NULL_CONVERSION = YES;
				CLANG_WARN_OBJC_LITERAL_CONVERSION = YES;
				CLANG_WARN_OBJC_ROOT_CLASS = YES_ERROR;
				CLANG_WARN_RANGE_LOOP_ANALYSIS = YES;
				CLANG_WARN_STRICT_PROTOTYPES = YES;
				CLANG_WARN_SUSPICIOUS_MOVE = YES;
				CLANG_WARN_UNREACHABLE_CODE = YES;
				CLANG_WARN__DUPLICATE_METHOD_MATCH = YES;
				"CODE_SIGN_IDENTITY[sdk=iphoneos*]" = "iPhone Developer";
				COPY_PHASE_STRIP = NO;
				DEBUG_INFORMATION_FORMAT = "dwarf-with-dsym";
				ENABLE_NS_ASSERTIONS = NO;
				ENABLE_STRICT_OBJC_MSGSEND = YES;
				GCC_C_LANGUAGE_STANDARD = gnu99;
				GCC_NO_COMMON_BLOCKS = YES;
				GCC_WARN_64_TO_32_BIT_CONVERSION = YES;
				GCC_WARN_ABOUT_RETURN_TYPE = YES_ERROR;
				GCC_WARN_UNDECLARED_SELECTOR = YES;
				GCC_WARN_UNINITIALIZED_AUTOS = YES_AGGRESSIVE;
				GCC_WARN_UNUSED_FUNCTION = YES;
				GCC_WARN_UNUSED_VARIABLE = YES;
				IPHONEOS_DEPLOYMENT_TARGET = 10.0;
				MTL_ENABLE_DEBUG_INFO = NO;
				SDKROOT = iphoneos;
				SWIFT_OPTIMIZATION_LEVEL = "-Owholemodule";
				VALIDATE_PRODUCT = YES;
			};
			name = Release;
		};
		607FACF31AFB9204008FA782 /* Debug */ = {
			isa = XCBuildConfiguration;
			baseConfigurationReference = 5ABB66DE09A90147C8A9D68D /* Pods-SwiftHelpers_Tests.debug.xcconfig */;
			buildSettings = {
				DEVELOPMENT_TEAM = P45988LAY3;
				FRAMEWORK_SEARCH_PATHS = (
					"$(SDKROOT)/Developer/Library/Frameworks",
					"$(inherited)",
				);
				GCC_PREPROCESSOR_DEFINITIONS = (
					"DEBUG=1",
					"$(inherited)",
				);
				INFOPLIST_FILE = Tests/Info.plist;
				LD_RUNPATH_SEARCH_PATHS = "$(inherited) @executable_path/Frameworks @loader_path/Frameworks";
				PRODUCT_BUNDLE_IDENTIFIER = "org.cocoapods.$(PRODUCT_NAME:rfc1034identifier)";
				PRODUCT_NAME = "$(TARGET_NAME)";
				SWIFT_SWIFT3_OBJC_INFERENCE = Default;
				SWIFT_VERSION = 4.0;
			};
			name = Debug;
		};
		607FACF41AFB9204008FA782 /* Release */ = {
			isa = XCBuildConfiguration;
			baseConfigurationReference = 5E85F9A90E5D8C0E31CDBDEE /* Pods-SwiftHelpers_Tests.release.xcconfig */;
			buildSettings = {
				DEVELOPMENT_TEAM = P45988LAY3;
				FRAMEWORK_SEARCH_PATHS = (
					"$(SDKROOT)/Developer/Library/Frameworks",
					"$(inherited)",
				);
				INFOPLIST_FILE = Tests/Info.plist;
				LD_RUNPATH_SEARCH_PATHS = "$(inherited) @executable_path/Frameworks @loader_path/Frameworks";
				PRODUCT_BUNDLE_IDENTIFIER = "org.cocoapods.$(PRODUCT_NAME:rfc1034identifier)";
				PRODUCT_NAME = "$(TARGET_NAME)";
				SWIFT_SWIFT3_OBJC_INFERENCE = Default;
				SWIFT_VERSION = 4.0;
			};
			name = Release;
		};
/* End XCBuildConfiguration section */

/* Begin XCConfigurationList section */
		607FACCB1AFB9204008FA782 /* Build configuration list for PBXProject "SwiftHelpers" */ = {
			isa = XCConfigurationList;
			buildConfigurations = (
				607FACED1AFB9204008FA782 /* Debug */,
				607FACEE1AFB9204008FA782 /* Release */,
			);
			defaultConfigurationIsVisible = 0;
			defaultConfigurationName = Release;
		};
		607FACF21AFB9204008FA782 /* Build configuration list for PBXNativeTarget "SwiftHelpers_Tests" */ = {
			isa = XCConfigurationList;
			buildConfigurations = (
				607FACF31AFB9204008FA782 /* Debug */,
				607FACF41AFB9204008FA782 /* Release */,
			);
			defaultConfigurationIsVisible = 0;
			defaultConfigurationName = Release;
		};
/* End XCConfigurationList section */
	};
	rootObject = 607FACC81AFB9204008FA782 /* Project object */;
}
