// !$*UTF8*$!
{
	archiveVersion = 1;
	classes = {
	};
	objectVersion = 46;
	objects = {

/* Begin PBXBuildFile section */
		2C2F3D4923704F6A00E4D592 /* Colors.swift in Sources */ = {isa = PBXBuildFile; fileRef = 2C2F3D4823704F6A00E4D592 /* Colors.swift */; };
		2C2F3D4B2370511F00E4D592 /* AlertView.swift in Sources */ = {isa = PBXBuildFile; fileRef = 2C2F3D4A2370511F00E4D592 /* AlertView.swift */; };
		2CD8A134236FABD200A8E8A2 /* SeparatorView.swift in Sources */ = {isa = PBXBuildFile; fileRef = 2CD8A125236FABD200A8E8A2 /* SeparatorView.swift */; };
		2CD8A135236FABD200A8E8A2 /* SeparatorContainer.xib in Resources */ = {isa = PBXBuildFile; fileRef = 2CD8A126236FABD200A8E8A2 /* SeparatorContainer.xib */; };
		2CD8A138236FABD200A8E8A2 /* AlertTextField.swift in Sources */ = {isa = PBXBuildFile; fileRef = 2CD8A12B236FABD200A8E8A2 /* AlertTextField.swift */; };
		2CD8A139236FABD200A8E8A2 /* AlertTextFieldContainer.xib in Resources */ = {isa = PBXBuildFile; fileRef = 2CD8A12C236FABD200A8E8A2 /* AlertTextFieldContainer.xib */; };
		2CD8A13A236FABD200A8E8A2 /* AlertAction.swift in Sources */ = {isa = PBXBuildFile; fileRef = 2CD8A12E236FABD200A8E8A2 /* AlertAction.swift */; };
		2CD8A13B236FABD200A8E8A2 /* ActionButtonContainer.xib in Resources */ = {isa = PBXBuildFile; fileRef = 2CD8A12F236FABD200A8E8A2 /* ActionButtonContainer.xib */; };
		2CD8A13C236FABD200A8E8A2 /* ActionButton.swift in Sources */ = {isa = PBXBuildFile; fileRef = 2CD8A130236FABD200A8E8A2 /* ActionButton.swift */; };
		2CD8A13D236FABD200A8E8A2 /* AlertAnimationController.swift in Sources */ = {isa = PBXBuildFile; fileRef = 2CD8A132236FABD200A8E8A2 /* AlertAnimationController.swift */; };
		2CD8A13E236FABD200A8E8A2 /* CustomAlertController.swift in Sources */ = {isa = PBXBuildFile; fileRef = 2CD8A133236FABD200A8E8A2 /* CustomAlertController.swift */; };
		2CD8A13F236FB73400A8E8A2 /* CustomAlert.storyboard in Resources */ = {isa = PBXBuildFile; fileRef = 2CD8A127236FABD200A8E8A2 /* CustomAlert.storyboard */; };
		607FACEC1AFB9204008FA782 /* Tests.swift in Sources */ = {isa = PBXBuildFile; fileRef = 607FACEB1AFB9204008FA782 /* Tests.swift */; };
		72FB183539EE284BCE1F161B /* Pods_SwiftHelpers_Tests.framework in Frameworks */ = {isa = PBXBuildFile; fileRef = 173CCB5F53A5E22C3CBAFF95 /* Pods_SwiftHelpers_Tests.framework */; };
		EC4EC770222EEF31003A9B08 /* Collection.swift in Sources */ = {isa = PBXBuildFile; fileRef = EC4EC76F222EEF31003A9B08 /* Collection.swift */; };
		EC4EC772222EEF42003A9B08 /* Date.swift in Sources */ = {isa = PBXBuildFile; fileRef = EC4EC771222EEF42003A9B08 /* Date.swift */; };
		EC4EC774222EEF4F003A9B08 /* Formatter.swift in Sources */ = {isa = PBXBuildFile; fileRef = EC4EC773222EEF4F003A9B08 /* Formatter.swift */; };
		EC4EC778222EEF76003A9B08 /* NSManagedObjectContext.swift in Sources */ = {isa = PBXBuildFile; fileRef = EC4EC777222EEF76003A9B08 /* NSManagedObjectContext.swift */; };
		EC4EC77C222EF1CE003A9B08 /* NSObject.swift in Sources */ = {isa = PBXBuildFile; fileRef = EC4EC77B222EF1CE003A9B08 /* NSObject.swift */; };
		EC4EC77E222EF1F5003A9B08 /* String.swift in Sources */ = {isa = PBXBuildFile; fileRef = EC4EC77D222EF1F5003A9B08 /* String.swift */; };
		EC4EC791222EF32E003A9B08 /* ObjectAssociation.swift in Sources */ = {isa = PBXBuildFile; fileRef = EC4EC790222EF32E003A9B08 /* ObjectAssociation.swift */; };
		EC4EC79A222EF571003A9B08 /* CommonHelpers.swift in Sources */ = {isa = PBXBuildFile; fileRef = EC4EC799222EF571003A9B08 /* CommonHelpers.swift */; };
		EC631A30223A7E2C00425A8C /* Int.swift in Sources */ = {isa = PBXBuildFile; fileRef = EC631A2F223A7E2C00425A8C /* Int.swift */; };
		EC6C453A224E0AA400E1110B /* BackgroundCapable.swift in Sources */ = {isa = PBXBuildFile; fileRef = EC6C4539224E0AA400E1110B /* BackgroundCapable.swift */; };
		EC6C453C224E0AAF00E1110B /* Localizable.swift in Sources */ = {isa = PBXBuildFile; fileRef = EC6C453B224E0AAF00E1110B /* Localizable.swift */; };
		EC6C453E224E0ABA00E1110B /* LabelsCapableView.swift in Sources */ = {isa = PBXBuildFile; fileRef = EC6C453D224E0ABA00E1110B /* LabelsCapableView.swift */; };
		EC6C454B224E0B5700E1110B /* NSMutableAttributedString.swift in Sources */ = {isa = PBXBuildFile; fileRef = EC6C4540224E0B5700E1110B /* NSMutableAttributedString.swift */; };
		EC6C454C224E0B5700E1110B /* UITextField.swift in Sources */ = {isa = PBXBuildFile; fileRef = EC6C4541224E0B5700E1110B /* UITextField.swift */; };
		EC6C454D224E0B5700E1110B /* CGColor.swift in Sources */ = {isa = PBXBuildFile; fileRef = EC6C4542224E0B5700E1110B /* CGColor.swift */; };
		EC6C454E224E0B5700E1110B /* UIView.swift in Sources */ = {isa = PBXBuildFile; fileRef = EC6C4543224E0B5700E1110B /* UIView.swift */; };
		EC6C454F224E0B5700E1110B /* UIViewController.swift in Sources */ = {isa = PBXBuildFile; fileRef = EC6C4544224E0B5700E1110B /* UIViewController.swift */; };
		EC6C4550224E0B5700E1110B /* UIColor.swift in Sources */ = {isa = PBXBuildFile; fileRef = EC6C4545224E0B5700E1110B /* UIColor.swift */; };
		EC6C4551224E0B5700E1110B /* UIButton.swift in Sources */ = {isa = PBXBuildFile; fileRef = EC6C4546224E0B5700E1110B /* UIButton.swift */; };
		EC6C4552224E0B5700E1110B /* UIImage.swift in Sources */ = {isa = PBXBuildFile; fileRef = EC6C4547224E0B5700E1110B /* UIImage.swift */; };
		EC6C4553224E0B5700E1110B /* UICollectionView.swift in Sources */ = {isa = PBXBuildFile; fileRef = EC6C4548224E0B5700E1110B /* UICollectionView.swift */; };
		EC6C4554224E0B5700E1110B /* UIString.swift in Sources */ = {isa = PBXBuildFile; fileRef = EC6C4549224E0B5700E1110B /* UIString.swift */; };
		EC6C4555224E0B5700E1110B /* UITableView.swift in Sources */ = {isa = PBXBuildFile; fileRef = EC6C454A224E0B5700E1110B /* UITableView.swift */; };
		EC6C4559224E0BA100E1110B /* XibView.swift in Sources */ = {isa = PBXBuildFile; fileRef = EC6C4558224E0BA100E1110B /* XibView.swift */; };
		EC6C455B224E0BB200E1110B /* KeyboardViewController.swift in Sources */ = {isa = PBXBuildFile; fileRef = EC6C455A224E0BB200E1110B /* KeyboardViewController.swift */; };
		EC6C455D224E0BC400E1110B /* UICommonHelpers.swift in Sources */ = {isa = PBXBuildFile; fileRef = EC6C455C224E0BC400E1110B /* UICommonHelpers.swift */; };
		EC9D65B72236EA6000A66D8A /* PropertyReflectable.swift in Sources */ = {isa = PBXBuildFile; fileRef = EC9D65B62236EA6000A66D8A /* PropertyReflectable.swift */; };
		ECB9A5AB2241A3640060168B /* JSONDecoder.swift in Sources */ = {isa = PBXBuildFile; fileRef = ECB9A5AA2241A3640060168B /* JSONDecoder.swift */; };
		ECB9A5AD2241A3760060168B /* JSONEncoder.swift in Sources */ = {isa = PBXBuildFile; fileRef = ECB9A5AC2241A3760060168B /* JSONEncoder.swift */; };
		ECC53500223853B20056908A /* Encodable.swift in Sources */ = {isa = PBXBuildFile; fileRef = ECC534FF223853B20056908A /* Encodable.swift */; };
		ECF044C0224E574200C7D58B /* Array.swift in Sources */ = {isa = PBXBuildFile; fileRef = ECF044BF224E574200C7D58B /* Array.swift */; };
/* End PBXBuildFile section */

/* Begin PBXFileReference section */
		173CCB5F53A5E22C3CBAFF95 /* Pods_SwiftHelpers_Tests.framework */ = {isa = PBXFileReference; explicitFileType = wrapper.framework; includeInIndex = 0; path = Pods_SwiftHelpers_Tests.framework; sourceTree = BUILT_PRODUCTS_DIR; };
		2C2F3D4823704F6A00E4D592 /* Colors.swift */ = {isa = PBXFileReference; lastKnownFileType = sourcecode.swift; path = Colors.swift; sourceTree = "<group>"; };
		2C2F3D4A2370511F00E4D592 /* AlertView.swift */ = {isa = PBXFileReference; lastKnownFileType = sourcecode.swift; path = AlertView.swift; sourceTree = "<group>"; };
		2CD8A125236FABD200A8E8A2 /* SeparatorView.swift */ = {isa = PBXFileReference; fileEncoding = 4; lastKnownFileType = sourcecode.swift; path = SeparatorView.swift; sourceTree = "<group>"; };
		2CD8A126236FABD200A8E8A2 /* SeparatorContainer.xib */ = {isa = PBXFileReference; fileEncoding = 4; lastKnownFileType = file.xib; path = SeparatorContainer.xib; sourceTree = "<group>"; };
		2CD8A127236FABD200A8E8A2 /* CustomAlert.storyboard */ = {isa = PBXFileReference; fileEncoding = 4; lastKnownFileType = file.storyboard; path = CustomAlert.storyboard; sourceTree = "<group>"; };
		2CD8A12B236FABD200A8E8A2 /* AlertTextField.swift */ = {isa = PBXFileReference; fileEncoding = 4; lastKnownFileType = sourcecode.swift; path = AlertTextField.swift; sourceTree = "<group>"; };
		2CD8A12C236FABD200A8E8A2 /* AlertTextFieldContainer.xib */ = {isa = PBXFileReference; fileEncoding = 4; lastKnownFileType = file.xib; path = AlertTextFieldContainer.xib; sourceTree = "<group>"; };
		2CD8A12E236FABD200A8E8A2 /* AlertAction.swift */ = {isa = PBXFileReference; fileEncoding = 4; lastKnownFileType = sourcecode.swift; path = AlertAction.swift; sourceTree = "<group>"; };
		2CD8A12F236FABD200A8E8A2 /* ActionButtonContainer.xib */ = {isa = PBXFileReference; fileEncoding = 4; lastKnownFileType = file.xib; path = ActionButtonContainer.xib; sourceTree = "<group>"; };
		2CD8A130236FABD200A8E8A2 /* ActionButton.swift */ = {isa = PBXFileReference; fileEncoding = 4; lastKnownFileType = sourcecode.swift; path = ActionButton.swift; sourceTree = "<group>"; };
		2CD8A132236FABD200A8E8A2 /* AlertAnimationController.swift */ = {isa = PBXFileReference; fileEncoding = 4; lastKnownFileType = sourcecode.swift; path = AlertAnimationController.swift; sourceTree = "<group>"; };
		2CD8A133236FABD200A8E8A2 /* CustomAlertController.swift */ = {isa = PBXFileReference; fileEncoding = 4; lastKnownFileType = sourcecode.swift; path = CustomAlertController.swift; sourceTree = "<group>"; };
		30F964D3F0F17F2AA175E83A /* LICENSE */ = {isa = PBXFileReference; includeInIndex = 1; lastKnownFileType = text; name = LICENSE; path = ../LICENSE; sourceTree = "<group>"; };
		5ABB66DE09A90147C8A9D68D /* Pods-SwiftHelpers_Tests.debug.xcconfig */ = {isa = PBXFileReference; includeInIndex = 1; lastKnownFileType = text.xcconfig; name = "Pods-SwiftHelpers_Tests.debug.xcconfig"; path = "Target Support Files/Pods-SwiftHelpers_Tests/Pods-SwiftHelpers_Tests.debug.xcconfig"; sourceTree = "<group>"; };
		5E85F9A90E5D8C0E31CDBDEE /* Pods-SwiftHelpers_Tests.release.xcconfig */ = {isa = PBXFileReference; includeInIndex = 1; lastKnownFileType = text.xcconfig; name = "Pods-SwiftHelpers_Tests.release.xcconfig"; path = "Target Support Files/Pods-SwiftHelpers_Tests/Pods-SwiftHelpers_Tests.release.xcconfig"; sourceTree = "<group>"; };
		607FACE51AFB9204008FA782 /* SwiftHelpers_Tests.xctest */ = {isa = PBXFileReference; explicitFileType = wrapper.cfbundle; includeInIndex = 0; path = SwiftHelpers_Tests.xctest; sourceTree = BUILT_PRODUCTS_DIR; };
		607FACEA1AFB9204008FA782 /* Info.plist */ = {isa = PBXFileReference; lastKnownFileType = text.plist.xml; path = Info.plist; sourceTree = "<group>"; };
		607FACEB1AFB9204008FA782 /* Tests.swift */ = {isa = PBXFileReference; lastKnownFileType = sourcecode.swift; path = Tests.swift; sourceTree = "<group>"; };
		6771D14F9F5D12D3D9930B5A /* README.md */ = {isa = PBXFileReference; includeInIndex = 1; lastKnownFileType = net.daringfireball.markdown; name = README.md; path = ../README.md; sourceTree = "<group>"; };
		6CF499F1FE7A950FC4C730D9 /* SwiftHelpers.podspec */ = {isa = PBXFileReference; includeInIndex = 1; lastKnownFileType = text; name = SwiftHelpers.podspec; path = ../SwiftHelpers.podspec; sourceTree = "<group>"; xcLanguageSpecificationIdentifier = xcode.lang.ruby; };
		EC4EC76F222EEF31003A9B08 /* Collection.swift */ = {isa = PBXFileReference; lastKnownFileType = sourcecode.swift; path = Collection.swift; sourceTree = "<group>"; };
		EC4EC771222EEF42003A9B08 /* Date.swift */ = {isa = PBXFileReference; lastKnownFileType = sourcecode.swift; path = Date.swift; sourceTree = "<group>"; };
		EC4EC773222EEF4F003A9B08 /* Formatter.swift */ = {isa = PBXFileReference; lastKnownFileType = sourcecode.swift; path = Formatter.swift; sourceTree = "<group>"; };
		EC4EC777222EEF76003A9B08 /* NSManagedObjectContext.swift */ = {isa = PBXFileReference; lastKnownFileType = sourcecode.swift; path = NSManagedObjectContext.swift; sourceTree = "<group>"; };
		EC4EC77B222EF1CE003A9B08 /* NSObject.swift */ = {isa = PBXFileReference; lastKnownFileType = sourcecode.swift; path = NSObject.swift; sourceTree = "<group>"; };
		EC4EC77D222EF1F5003A9B08 /* String.swift */ = {isa = PBXFileReference; lastKnownFileType = sourcecode.swift; path = String.swift; sourceTree = "<group>"; };
		EC4EC790222EF32E003A9B08 /* ObjectAssociation.swift */ = {isa = PBXFileReference; lastKnownFileType = sourcecode.swift; path = ObjectAssociation.swift; sourceTree = "<group>"; };
		EC4EC799222EF571003A9B08 /* CommonHelpers.swift */ = {isa = PBXFileReference; lastKnownFileType = sourcecode.swift; path = CommonHelpers.swift; sourceTree = "<group>"; };
		EC631A2F223A7E2C00425A8C /* Int.swift */ = {isa = PBXFileReference; lastKnownFileType = sourcecode.swift; path = Int.swift; sourceTree = "<group>"; };
		EC6C4539224E0AA400E1110B /* BackgroundCapable.swift */ = {isa = PBXFileReference; lastKnownFileType = sourcecode.swift; path = BackgroundCapable.swift; sourceTree = "<group>"; };
		EC6C453B224E0AAF00E1110B /* Localizable.swift */ = {isa = PBXFileReference; lastKnownFileType = sourcecode.swift; path = Localizable.swift; sourceTree = "<group>"; };
		EC6C453D224E0ABA00E1110B /* LabelsCapableView.swift */ = {isa = PBXFileReference; lastKnownFileType = sourcecode.swift; path = LabelsCapableView.swift; sourceTree = "<group>"; };
		EC6C4540224E0B5700E1110B /* NSMutableAttributedString.swift */ = {isa = PBXFileReference; fileEncoding = 4; lastKnownFileType = sourcecode.swift; path = NSMutableAttributedString.swift; sourceTree = "<group>"; };
		EC6C4541224E0B5700E1110B /* UITextField.swift */ = {isa = PBXFileReference; fileEncoding = 4; lastKnownFileType = sourcecode.swift; path = UITextField.swift; sourceTree = "<group>"; };
		EC6C4542224E0B5700E1110B /* CGColor.swift */ = {isa = PBXFileReference; fileEncoding = 4; lastKnownFileType = sourcecode.swift; path = CGColor.swift; sourceTree = "<group>"; };
		EC6C4543224E0B5700E1110B /* UIView.swift */ = {isa = PBXFileReference; fileEncoding = 4; lastKnownFileType = sourcecode.swift; path = UIView.swift; sourceTree = "<group>"; };
		EC6C4544224E0B5700E1110B /* UIViewController.swift */ = {isa = PBXFileReference; fileEncoding = 4; lastKnownFileType = sourcecode.swift; path = UIViewController.swift; sourceTree = "<group>"; };
		EC6C4545224E0B5700E1110B /* UIColor.swift */ = {isa = PBXFileReference; fileEncoding = 4; lastKnownFileType = sourcecode.swift; path = UIColor.swift; sourceTree = "<group>"; };
		EC6C4546224E0B5700E1110B /* UIButton.swift */ = {isa = PBXFileReference; fileEncoding = 4; lastKnownFileType = sourcecode.swift; path = UIButton.swift; sourceTree = "<group>"; };
		EC6C4547224E0B5700E1110B /* UIImage.swift */ = {isa = PBXFileReference; fileEncoding = 4; lastKnownFileType = sourcecode.swift; path = UIImage.swift; sourceTree = "<group>"; };
		EC6C4548224E0B5700E1110B /* UICollectionView.swift */ = {isa = PBXFileReference; fileEncoding = 4; lastKnownFileType = sourcecode.swift; path = UICollectionView.swift; sourceTree = "<group>"; };
		EC6C4549224E0B5700E1110B /* UIString.swift */ = {isa = PBXFileReference; fileEncoding = 4; lastKnownFileType = sourcecode.swift; path = UIString.swift; sourceTree = "<group>"; };
		EC6C454A224E0B5700E1110B /* UITableView.swift */ = {isa = PBXFileReference; fileEncoding = 4; lastKnownFileType = sourcecode.swift; path = UITableView.swift; sourceTree = "<group>"; };
		EC6C4558224E0BA100E1110B /* XibView.swift */ = {isa = PBXFileReference; lastKnownFileType = sourcecode.swift; path = XibView.swift; sourceTree = "<group>"; };
		EC6C455A224E0BB200E1110B /* KeyboardViewController.swift */ = {isa = PBXFileReference; lastKnownFileType = sourcecode.swift; path = KeyboardViewController.swift; sourceTree = "<group>"; };
		EC6C455C224E0BC400E1110B /* UICommonHelpers.swift */ = {isa = PBXFileReference; lastKnownFileType = sourcecode.swift; path = UICommonHelpers.swift; sourceTree = "<group>"; };
		EC9D65B62236EA6000A66D8A /* PropertyReflectable.swift */ = {isa = PBXFileReference; lastKnownFileType = sourcecode.swift; path = PropertyReflectable.swift; sourceTree = "<group>"; };
		ECB9A5AA2241A3640060168B /* JSONDecoder.swift */ = {isa = PBXFileReference; lastKnownFileType = sourcecode.swift; path = JSONDecoder.swift; sourceTree = "<group>"; };
		ECB9A5AC2241A3760060168B /* JSONEncoder.swift */ = {isa = PBXFileReference; lastKnownFileType = sourcecode.swift; path = JSONEncoder.swift; sourceTree = "<group>"; };
		ECC534FF223853B20056908A /* Encodable.swift */ = {isa = PBXFileReference; lastKnownFileType = sourcecode.swift; path = Encodable.swift; sourceTree = "<group>"; };
		ECF044BF224E574200C7D58B /* Array.swift */ = {isa = PBXFileReference; lastKnownFileType = sourcecode.swift; path = Array.swift; sourceTree = "<group>"; };
/* End PBXFileReference section */

/* Begin PBXFrameworksBuildPhase section */
		607FACE21AFB9204008FA782 /* Frameworks */ = {
			isa = PBXFrameworksBuildPhase;
			buildActionMask = 2147483647;
			files = (
				72FB183539EE284BCE1F161B /* Pods_SwiftHelpers_Tests.framework in Frameworks */,
			);
			runOnlyForDeploymentPostprocessing = 0;
		};
/* End PBXFrameworksBuildPhase section */

/* Begin PBXGroup section */
		2CD8A123236FABD200A8E8A2 /* CustomAlert */ = {
			isa = PBXGroup;
			children = (
				2CD8A124236FABD200A8E8A2 /* SeparatorView */,
				2CD8A128236FABD200A8E8A2 /* AlertView */,
				2CD8A12A236FABD200A8E8A2 /* AlertTextField */,
				2CD8A12D236FABD200A8E8A2 /* AlertAction */,
				2CD8A131236FABD200A8E8A2 /* AnimationControllers */,
				2CD8A127236FABD200A8E8A2 /* CustomAlert.storyboard */,
				2CD8A133236FABD200A8E8A2 /* CustomAlertController.swift */,
				2C2F3D4823704F6A00E4D592 /* Colors.swift */,
			);
			path = CustomAlert;
			sourceTree = "<group>";
		};
		2CD8A124236FABD200A8E8A2 /* SeparatorView */ = {
			isa = PBXGroup;
			children = (
				2CD8A125236FABD200A8E8A2 /* SeparatorView.swift */,
				2CD8A126236FABD200A8E8A2 /* SeparatorContainer.xib */,
			);
			path = SeparatorView;
			sourceTree = "<group>";
		};
		2CD8A128236FABD200A8E8A2 /* AlertView */ = {
			isa = PBXGroup;
			children = (
				2C2F3D4A2370511F00E4D592 /* AlertView.swift */,
			);
			path = AlertView;
			sourceTree = "<group>";
		};
		2CD8A12A236FABD200A8E8A2 /* AlertTextField */ = {
			isa = PBXGroup;
			children = (
				2CD8A12B236FABD200A8E8A2 /* AlertTextField.swift */,
				2CD8A12C236FABD200A8E8A2 /* AlertTextFieldContainer.xib */,
			);
			path = AlertTextField;
			sourceTree = "<group>";
		};
		2CD8A12D236FABD200A8E8A2 /* AlertAction */ = {
			isa = PBXGroup;
			children = (
				2CD8A12E236FABD200A8E8A2 /* AlertAction.swift */,
				2CD8A12F236FABD200A8E8A2 /* ActionButtonContainer.xib */,
				2CD8A130236FABD200A8E8A2 /* ActionButton.swift */,
			);
			path = AlertAction;
			sourceTree = "<group>";
		};
		2CD8A131236FABD200A8E8A2 /* AnimationControllers */ = {
			isa = PBXGroup;
			children = (
				2CD8A132236FABD200A8E8A2 /* AlertAnimationController.swift */,
			);
			path = AnimationControllers;
			sourceTree = "<group>";
		};
		607FACC71AFB9204008FA782 = {
			isa = PBXGroup;
			children = (
				EC4EC764222EEE42003A9B08 /* Source */,
				607FACF51AFB993E008FA782 /* Podspec Metadata */,
				607FACE81AFB9204008FA782 /* Tests */,
				607FACD11AFB9204008FA782 /* Products */,
				8A8AB949D24E3D9BD31A71F5 /* Pods */,
				8AC4F54BA39C4AF0DEF1FE64 /* Frameworks */,
			);
			sourceTree = "<group>";
		};
		607FACD11AFB9204008FA782 /* Products */ = {
			isa = PBXGroup;
			children = (
				607FACE51AFB9204008FA782 /* SwiftHelpers_Tests.xctest */,
			);
			name = Products;
			sourceTree = "<group>";
		};
		607FACE81AFB9204008FA782 /* Tests */ = {
			isa = PBXGroup;
			children = (
				607FACEB1AFB9204008FA782 /* Tests.swift */,
				607FACE91AFB9204008FA782 /* Supporting Files */,
			);
			path = Tests;
			sourceTree = "<group>";
		};
		607FACE91AFB9204008FA782 /* Supporting Files */ = {
			isa = PBXGroup;
			children = (
				607FACEA1AFB9204008FA782 /* Info.plist */,
			);
			name = "Supporting Files";
			sourceTree = "<group>";
		};
		607FACF51AFB993E008FA782 /* Podspec Metadata */ = {
			isa = PBXGroup;
			children = (
				6CF499F1FE7A950FC4C730D9 /* SwiftHelpers.podspec */,
				6771D14F9F5D12D3D9930B5A /* README.md */,
				30F964D3F0F17F2AA175E83A /* LICENSE */,
			);
			name = "Podspec Metadata";
			sourceTree = "<group>";
		};
		8A8AB949D24E3D9BD31A71F5 /* Pods */ = {
			isa = PBXGroup;
			children = (
				5ABB66DE09A90147C8A9D68D /* Pods-SwiftHelpers_Tests.debug.xcconfig */,
				5E85F9A90E5D8C0E31CDBDEE /* Pods-SwiftHelpers_Tests.release.xcconfig */,
			);
			path = Pods;
			sourceTree = "<group>";
		};
		8AC4F54BA39C4AF0DEF1FE64 /* Frameworks */ = {
			isa = PBXGroup;
			children = (
				173CCB5F53A5E22C3CBAFF95 /* Pods_SwiftHelpers_Tests.framework */,
			);
			name = Frameworks;
			sourceTree = "<group>";
		};
		EC4EC764222EEE42003A9B08 /* Source */ = {
			isa = PBXGroup;
			children = (
				EC7134FB224E0DBD0074D22D /* Base */,
				EC6C4537224E0A8300E1110B /* iOS */,
			);
			name = Source;
			path = ../SwiftHelpers;
			sourceTree = "<group>";
		};
		EC4EC767222EEE9C003A9B08 /* Components */ = {
			isa = PBXGroup;
			children = (
				EC4EC799222EF571003A9B08 /* CommonHelpers.swift */,
			);
			path = Components;
			sourceTree = "<group>";
		};
		EC4EC76A222EEEF9003A9B08 /* Extensions */ = {
			isa = PBXGroup;
			children = (
				EC4EC76F222EEF31003A9B08 /* Collection.swift */,
				ECF044BF224E574200C7D58B /* Array.swift */,
				EC4EC771222EEF42003A9B08 /* Date.swift */,
				EC4EC773222EEF4F003A9B08 /* Formatter.swift */,
				EC4EC777222EEF76003A9B08 /* NSManagedObjectContext.swift */,
				EC4EC77B222EF1CE003A9B08 /* NSObject.swift */,
				EC4EC77D222EF1F5003A9B08 /* String.swift */,
				ECC534FF223853B20056908A /* Encodable.swift */,
				EC631A2F223A7E2C00425A8C /* Int.swift */,
				ECB9A5AA2241A3640060168B /* JSONDecoder.swift */,
				ECB9A5AC2241A3760060168B /* JSONEncoder.swift */,
			);
			path = Extensions;
			sourceTree = "<group>";
		};
		EC4EC78B222EF2AE003A9B08 /* Protocols */ = {
			isa = PBXGroup;
			children = (
				EC4EC790222EF32E003A9B08 /* ObjectAssociation.swift */,
				EC9D65B62236EA6000A66D8A /* PropertyReflectable.swift */,
			);
			path = Protocols;
			sourceTree = "<group>";
		};
		EC6C4537224E0A8300E1110B /* iOS */ = {
			isa = PBXGroup;
			children = (
				EC6C4538224E0A9400E1110B /* Protocols */,
				EC6C453F224E0B2E00E1110B /* Extensions */,
				EC6C4557224E0B8200E1110B /* Components */,
			);
			path = iOS;
			sourceTree = "<group>";
		};
		EC6C4538224E0A9400E1110B /* Protocols */ = {
			isa = PBXGroup;
			children = (
				EC6C4539224E0AA400E1110B /* BackgroundCapable.swift */,
				EC6C453B224E0AAF00E1110B /* Localizable.swift */,
				EC6C453D224E0ABA00E1110B /* LabelsCapableView.swift */,
			);
			path = Protocols;
			sourceTree = "<group>";
		};
		EC6C453F224E0B2E00E1110B /* Extensions */ = {
			isa = PBXGroup;
			children = (
				EC6C4542224E0B5700E1110B /* CGColor.swift */,
				EC6C4540224E0B5700E1110B /* NSMutableAttributedString.swift */,
				EC6C4549224E0B5700E1110B /* UIString.swift */,
				EC6C4546224E0B5700E1110B /* UIButton.swift */,
				EC6C4548224E0B5700E1110B /* UICollectionView.swift */,
				EC6C4545224E0B5700E1110B /* UIColor.swift */,
				EC6C4547224E0B5700E1110B /* UIImage.swift */,
				EC6C454A224E0B5700E1110B /* UITableView.swift */,
				EC6C4541224E0B5700E1110B /* UITextField.swift */,
				EC6C4543224E0B5700E1110B /* UIView.swift */,
				EC6C4544224E0B5700E1110B /* UIViewController.swift */,
			);
			path = Extensions;
			sourceTree = "<group>";
		};
		EC6C4557224E0B8200E1110B /* Components */ = {
			isa = PBXGroup;
			children = (
				2CD8A123236FABD200A8E8A2 /* CustomAlert */,
				EC6C455C224E0BC400E1110B /* UICommonHelpers.swift */,
				EC6C4558224E0BA100E1110B /* XibView.swift */,
				EC6C455A224E0BB200E1110B /* KeyboardViewController.swift */,
			);
			path = Components;
			sourceTree = "<group>";
		};
		EC7134FB224E0DBD0074D22D /* Base */ = {
			isa = PBXGroup;
			children = (
				EC4EC78B222EF2AE003A9B08 /* Protocols */,
				EC4EC76A222EEEF9003A9B08 /* Extensions */,
				EC4EC767222EEE9C003A9B08 /* Components */,
			);
			path = Base;
			sourceTree = "<group>";
		};
/* End PBXGroup section */

/* Begin PBXNativeTarget section */
		607FACE41AFB9204008FA782 /* SwiftHelpers_Tests */ = {
			isa = PBXNativeTarget;
			buildConfigurationList = 607FACF21AFB9204008FA782 /* Build configuration list for PBXNativeTarget "SwiftHelpers_Tests" */;
			buildPhases = (
				4B80C5152A254CC52B6B0874 /* [CP] Check Pods Manifest.lock */,
				607FACE11AFB9204008FA782 /* Sources */,
				607FACE21AFB9204008FA782 /* Frameworks */,
				607FACE31AFB9204008FA782 /* Resources */,
				B5844D4BAB635772E0093D2B /* [CP] Embed Pods Frameworks */,
			);
			buildRules = (
			);
			dependencies = (
			);
			name = SwiftHelpers_Tests;
			productName = Tests;
			productReference = 607FACE51AFB9204008FA782 /* SwiftHelpers_Tests.xctest */;
			productType = "com.apple.product-type.bundle.unit-test";
		};
/* End PBXNativeTarget section */

/* Begin PBXProject section */
		607FACC81AFB9204008FA782 /* Project object */ = {
			isa = PBXProject;
			attributes = {
				LastSwiftUpdateCheck = 0830;
				LastUpgradeCheck = 0830;
				ORGANIZATIONNAME = CocoaPods;
				TargetAttributes = {
					607FACE41AFB9204008FA782 = {
						CreatedOnToolsVersion = 6.3.1;
						DevelopmentTeam = P45988LAY3;
						LastSwiftMigration = 0900;
					};
				};
			};
			buildConfigurationList = 607FACCB1AFB9204008FA782 /* Build configuration list for PBXProject "SwiftHelpers" */;
			compatibilityVersion = "Xcode 3.2";
			developmentRegion = English;
			hasScannedForEncodings = 0;
			knownRegions = (
				English,
				en,
				Base,
			);
			mainGroup = 607FACC71AFB9204008FA782;
			productRefGroup = 607FACD11AFB9204008FA782 /* Products */;
			projectDirPath = "";
			projectRoot = "";
			targets = (
				607FACE41AFB9204008FA782 /* SwiftHelpers_Tests */,
			);
		};
/* End PBXProject section */

/* Begin PBXResourcesBuildPhase section */
		607FACE31AFB9204008FA782 /* Resources */ = {
			isa = PBXResourcesBuildPhase;
			buildActionMask = 2147483647;
			files = (
				2CD8A13F236FB73400A8E8A2 /* CustomAlert.storyboard in Resources */,
				2CD8A139236FABD200A8E8A2 /* AlertTextFieldContainer.xib in Resources */,
				2CD8A135236FABD200A8E8A2 /* SeparatorContainer.xib in Resources */,
				2CD8A13B236FABD200A8E8A2 /* ActionButtonContainer.xib in Resources */,
			);
			runOnlyForDeploymentPostprocessing = 0;
		};
/* End PBXResourcesBuildPhase section */

/* Begin PBXShellScriptBuildPhase section */
		4B80C5152A254CC52B6B0874 /* [CP] Check Pods Manifest.lock */ = {
			isa = PBXShellScriptBuildPhase;
			buildActionMask = 2147483647;
			files = (
			);
			inputFileListPaths = (
			);
			inputPaths = (
				"${PODS_PODFILE_DIR_PATH}/Podfile.lock",
				"${PODS_ROOT}/Manifest.lock",
			);
			name = "[CP] Check Pods Manifest.lock";
			outputFileListPaths = (
			);
			outputPaths = (
				"$(DERIVED_FILE_DIR)/Pods-SwiftHelpers_Tests-checkManifestLockResult.txt",
			);
			runOnlyForDeploymentPostprocessing = 0;
			shellPath = /bin/sh;
			shellScript = "diff \"${PODS_PODFILE_DIR_PATH}/Podfile.lock\" \"${PODS_ROOT}/Manifest.lock\" > /dev/null\nif [ $? != 0 ] ; then\n    # print error to STDERR\n    echo \"error: The sandbox is not in sync with the Podfile.lock. Run 'pod install' or update your CocoaPods installation.\" >&2\n    exit 1\nfi\n# This output is used by Xcode 'outputs' to avoid re-running this script phase.\necho \"SUCCESS\" > \"${SCRIPT_OUTPUT_FILE_0}\"\n";
			showEnvVarsInLog = 0;
		};
		B5844D4BAB635772E0093D2B /* [CP] Embed Pods Frameworks */ = {
			isa = PBXShellScriptBuildPhase;
			buildActionMask = 2147483647;
			files = (
			);
			inputPaths = (
				"${PODS_ROOT}/Target Support Files/Pods-SwiftHelpers_Tests/Pods-SwiftHelpers_Tests-frameworks.sh",
				"${BUILT_PRODUCTS_DIR}/Nimble/Nimble.framework",
				"${BUILT_PRODUCTS_DIR}/Quick/Quick.framework",
				"${BUILT_PRODUCTS_DIR}/SwiftHelpers/SwiftHelpers.framework",
			);
			name = "[CP] Embed Pods Frameworks";
			outputPaths = (
				"${TARGET_BUILD_DIR}/${FRAMEWORKS_FOLDER_PATH}/Nimble.framework",
				"${TARGET_BUILD_DIR}/${FRAMEWORKS_FOLDER_PATH}/Quick.framework",
				"${TARGET_BUILD_DIR}/${FRAMEWORKS_FOLDER_PATH}/SwiftHelpers.framework",
			);
			runOnlyForDeploymentPostprocessing = 0;
			shellPath = /bin/sh;
			shellScript = "\"${PODS_ROOT}/Target Support Files/Pods-SwiftHelpers_Tests/Pods-SwiftHelpers_Tests-frameworks.sh\"\n";
			showEnvVarsInLog = 0;
		};
/* End PBXShellScriptBuildPhase section */

/* Begin PBXSourcesBuildPhase section */
		607FACE11AFB9204008FA782 /* Sources */ = {
			isa = PBXSourcesBuildPhase;
			buildActionMask = 2147483647;
			files = (
				2CD8A134236FABD200A8E8A2 /* SeparatorView.swift in Sources */,
				2C2F3D4923704F6A00E4D592 /* Colors.swift in Sources */,
				EC4EC77E222EF1F5003A9B08 /* String.swift in Sources */,
				EC6C455B224E0BB200E1110B /* KeyboardViewController.swift in Sources */,
				2CD8A13E236FABD200A8E8A2 /* CustomAlertController.swift in Sources */,
				2C2F3D4B2370511F00E4D592 /* AlertView.swift in Sources */,
				EC6C4552224E0B5700E1110B /* UIImage.swift in Sources */,
				EC4EC791222EF32E003A9B08 /* ObjectAssociation.swift in Sources */,
				EC6C4559224E0BA100E1110B /* XibView.swift in Sources */,
				ECF044C0224E574200C7D58B /* Array.swift in Sources */,
				EC6C4554224E0B5700E1110B /* UIString.swift in Sources */,
				EC4EC772222EEF42003A9B08 /* Date.swift in Sources */,
				EC4EC770222EEF31003A9B08 /* Collection.swift in Sources */,
				ECB9A5AB2241A3640060168B /* JSONDecoder.swift in Sources */,
				EC6C4553224E0B5700E1110B /* UICollectionView.swift in Sources */,
				EC4EC774222EEF4F003A9B08 /* Formatter.swift in Sources */,
				EC6C453A224E0AA400E1110B /* BackgroundCapable.swift in Sources */,
				607FACEC1AFB9204008FA782 /* Tests.swift in Sources */,
				EC6C454B224E0B5700E1110B /* NSMutableAttributedString.swift in Sources */,
				EC4EC77C222EF1CE003A9B08 /* NSObject.swift in Sources */,
				EC6C4555224E0B5700E1110B /* UITableView.swift in Sources */,
				2CD8A13A236FABD200A8E8A2 /* AlertAction.swift in Sources */,
				EC6C4550224E0B5700E1110B /* UIColor.swift in Sources */,
				EC6C4551224E0B5700E1110B /* UIButton.swift in Sources */,
				EC6C454E224E0B5700E1110B /* UIView.swift in Sources */,
				EC6C454C224E0B5700E1110B /* UITextField.swift in Sources */,
				EC9D65B72236EA6000A66D8A /* PropertyReflectable.swift in Sources */,
				EC4EC778222EEF76003A9B08 /* NSManagedObjectContext.swift in Sources */,
				2CD8A138236FABD200A8E8A2 /* AlertTextField.swift in Sources */,
				EC6C454F224E0B5700E1110B /* UIViewController.swift in Sources */,
				EC631A30223A7E2C00425A8C /* Int.swift in Sources */,
				ECC53500223853B20056908A /* Encodable.swift in Sources */,
				EC4EC79A222EF571003A9B08 /* CommonHelpers.swift in Sources */,
				EC6C453C224E0AAF00E1110B /* Localizable.swift in Sources */,
				2CD8A13D236FABD200A8E8A2 /* AlertAnimationController.swift in Sources */,
				EC6C454D224E0B5700E1110B /* CGColor.swift in Sources */,
				ECB9A5AD2241A3760060168B /* JSONEncoder.swift in Sources */,
				2CD8A13C236FABD200A8E8A2 /* ActionButton.swift in Sources */,
				EC6C453E224E0ABA00E1110B /* LabelsCapableView.swift in Sources */,
				EC6C455D224E0BC400E1110B /* UICommonHelpers.swift in Sources */,
			);
			runOnlyForDeploymentPostprocessing = 0;
		};
/* End PBXSourcesBuildPhase section */

/* Begin XCBuildConfiguration section */
		607FACED1AFB9204008FA782 /* Debug */ = {
			isa = XCBuildConfiguration;
			buildSettings = {
				ALWAYS_SEARCH_USER_PATHS = NO;
				CLANG_CXX_LANGUAGE_STANDARD = "gnu++0x";
				CLANG_CXX_LIBRARY = "libc++";
				CLANG_ENABLE_MODULES = YES;
				CLANG_ENABLE_OBJC_ARC = YES;
				CLANG_WARN_BLOCK_CAPTURE_AUTORELEASING = YES;
				CLANG_WARN_BOOL_CONVERSION = YES;
				CLANG_WARN_COMMA = YES;
				CLANG_WARN_CONSTANT_CONVERSION = YES;
				CLANG_WARN_DIRECT_OBJC_ISA_USAGE = YES_ERROR;
				CLANG_WARN_EMPTY_BODY = YES;
				CLANG_WARN_ENUM_CONVERSION = YES;
				CLANG_WARN_INFINITE_RECURSION = YES;
				CLANG_WARN_INT_CONVERSION = YES;
				CLANG_WARN_NON_LITERAL_NULL_CONVERSION = YES;
				CLANG_WARN_OBJC_LITERAL_CONVERSION = YES;
				CLANG_WARN_OBJC_ROOT_CLASS = YES_ERROR;
				CLANG_WARN_RANGE_LOOP_ANALYSIS = YES;
				CLANG_WARN_STRICT_PROTOTYPES = YES;
				CLANG_WARN_SUSPICIOUS_MOVE = YES;
				CLANG_WARN_UNREACHABLE_CODE = YES;
				CLANG_WARN__DUPLICATE_METHOD_MATCH = YES;
				"CODE_SIGN_IDENTITY[sdk=iphoneos*]" = "iPhone Developer";
				COPY_PHASE_STRIP = NO;
				DEBUG_INFORMATION_FORMAT = "dwarf-with-dsym";
				ENABLE_STRICT_OBJC_MSGSEND = YES;
				ENABLE_TESTABILITY = YES;
				GCC_C_LANGUAGE_STANDARD = gnu99;
				GCC_DYNAMIC_NO_PIC = NO;
				GCC_NO_COMMON_BLOCKS = YES;
				GCC_OPTIMIZATION_LEVEL = 0;
				GCC_PREPROCESSOR_DEFINITIONS = (
					"DEBUG=1",
					"$(inherited)",
				);
				GCC_SYMBOLS_PRIVATE_EXTERN = NO;
				GCC_WARN_64_TO_32_BIT_CONVERSION = YES;
				GCC_WARN_ABOUT_RETURN_TYPE = YES_ERROR;
				GCC_WARN_UNDECLARED_SELECTOR = YES;
				GCC_WARN_UNINITIALIZED_AUTOS = YES_AGGRESSIVE;
				GCC_WARN_UNUSED_FUNCTION = YES;
				GCC_WARN_UNUSED_VARIABLE = YES;
				IPHONEOS_DEPLOYMENT_TARGET = 10.0;
				MTL_ENABLE_DEBUG_INFO = YES;
				ONLY_ACTIVE_ARCH = YES;
				SDKROOT = iphoneos;
				SWIFT_OPTIMIZATION_LEVEL = "-Onone";
			};
			name = Debug;
		};
		607FACEE1AFB9204008FA782 /* Release */ = {
			isa = XCBuildConfiguration;
			buildSettings = {
				ALWAYS_SEARCH_USER_PATHS = NO;
				CLANG_CXX_LANGUAGE_STANDARD = "gnu++0x";
				CLANG_CXX_LIBRARY = "libc++";
				CLANG_ENABLE_MODULES = YES;
				CLANG_ENABLE_OBJC_ARC = YES;
				CLANG_WARN_BLOCK_CAPTURE_AUTORELEASING = YES;
				CLANG_WARN_BOOL_CONVERSION = YES;
				CLANG_WARN_COMMA = YES;
				CLANG_WARN_CONSTANT_CONVERSION = YES;
				CLANG_WARN_DIRECT_OBJC_ISA_USAGE = YES_ERROR;
				CLANG_WARN_EMPTY_BODY = YES;
				CLANG_WARN_ENUM_CONVERSION = YES;
				CLANG_WARN_INFINITE_RECURSION = YES;
				CLANG_WARN_INT_CONVERSION = YES;
				CLANG_WARN_NON_LITERAL_NULL_CONVERSION = YES;
				CLANG_WARN_OBJC_LITERAL_CONVERSION = YES;
				CLANG_WARN_OBJC_ROOT_CLASS = YES_ERROR;
				CLANG_WARN_RANGE_LOOP_ANALYSIS = YES;
				CLANG_WARN_STRICT_PROTOTYPES = YES;
				CLANG_WARN_SUSPICIOUS_MOVE = YES;
				CLANG_WARN_UNREACHABLE_CODE = YES;
				CLANG_WARN__DUPLICATE_METHOD_MATCH = YES;
				"CODE_SIGN_IDENTITY[sdk=iphoneos*]" = "iPhone Developer";
				COPY_PHASE_STRIP = NO;
				DEBUG_INFORMATION_FORMAT = "dwarf-with-dsym";
				ENABLE_NS_ASSERTIONS = NO;
				ENABLE_STRICT_OBJC_MSGSEND = YES;
				GCC_C_LANGUAGE_STANDARD = gnu99;
				GCC_NO_COMMON_BLOCKS = YES;
				GCC_WARN_64_TO_32_BIT_CONVERSION = YES;
				GCC_WARN_ABOUT_RETURN_TYPE = YES_ERROR;
				GCC_WARN_UNDECLARED_SELECTOR = YES;
				GCC_WARN_UNINITIALIZED_AUTOS = YES_AGGRESSIVE;
				GCC_WARN_UNUSED_FUNCTION = YES;
				GCC_WARN_UNUSED_VARIABLE = YES;
				IPHONEOS_DEPLOYMENT_TARGET = 10.0;
				MTL_ENABLE_DEBUG_INFO = NO;
				SDKROOT = iphoneos;
				SWIFT_OPTIMIZATION_LEVEL = "-Owholemodule";
				VALIDATE_PRODUCT = YES;
			};
			name = Release;
		};
		607FACF31AFB9204008FA782 /* Debug */ = {
			isa = XCBuildConfiguration;
			baseConfigurationReference = 5ABB66DE09A90147C8A9D68D /* Pods-SwiftHelpers_Tests.debug.xcconfig */;
			buildSettings = {
				DEVELOPMENT_TEAM = P45988LAY3;
				FRAMEWORK_SEARCH_PATHS = (
					"$(SDKROOT)/Developer/Library/Frameworks",
					"$(inherited)",
				);
				GCC_PREPROCESSOR_DEFINITIONS = (
					"DEBUG=1",
					"$(inherited)",
				);
				INFOPLIST_FILE = Tests/Info.plist;
				LD_RUNPATH_SEARCH_PATHS = "$(inherited) @executable_path/Frameworks @loader_path/Frameworks";
				PRODUCT_BUNDLE_IDENTIFIER = "org.cocoapods.$(PRODUCT_NAME:rfc1034identifier)";
				PRODUCT_NAME = "$(TARGET_NAME)";
				SWIFT_SWIFT3_OBJC_INFERENCE = Default;
				SWIFT_VERSION = 5.0;
			};
			name = Debug;
		};
		607FACF41AFB9204008FA782 /* Release */ = {
			isa = XCBuildConfiguration;
			baseConfigurationReference = 5E85F9A90E5D8C0E31CDBDEE /* Pods-SwiftHelpers_Tests.release.xcconfig */;
			buildSettings = {
				DEVELOPMENT_TEAM = P45988LAY3;
				FRAMEWORK_SEARCH_PATHS = (
					"$(SDKROOT)/Developer/Library/Frameworks",
					"$(inherited)",
				);
				INFOPLIST_FILE = Tests/Info.plist;
				LD_RUNPATH_SEARCH_PATHS = "$(inherited) @executable_path/Frameworks @loader_path/Frameworks";
				PRODUCT_BUNDLE_IDENTIFIER = "org.cocoapods.$(PRODUCT_NAME:rfc1034identifier)";
				PRODUCT_NAME = "$(TARGET_NAME)";
				SWIFT_SWIFT3_OBJC_INFERENCE = Default;
				SWIFT_VERSION = 5.0;
			};
			name = Release;
		};
/* End XCBuildConfiguration section */

/* Begin XCConfigurationList section */
		607FACCB1AFB9204008FA782 /* Build configuration list for PBXProject "SwiftHelpers" */ = {
			isa = XCConfigurationList;
			buildConfigurations = (
				607FACED1AFB9204008FA782 /* Debug */,
				607FACEE1AFB9204008FA782 /* Release */,
			);
			defaultConfigurationIsVisible = 0;
			defaultConfigurationName = Release;
		};
		607FACF21AFB9204008FA782 /* Build configuration list for PBXNativeTarget "SwiftHelpers_Tests" */ = {
			isa = XCConfigurationList;
			buildConfigurations = (
				607FACF31AFB9204008FA782 /* Debug */,
				607FACF41AFB9204008FA782 /* Release */,
			);
			defaultConfigurationIsVisible = 0;
			defaultConfigurationName = Release;
		};
/* End XCConfigurationList section */
	};
	rootObject = 607FACC81AFB9204008FA782 /* Project object */;
}
